// !$*UTF8*$!
{
	archiveVersion = 1;
	classes = {
	};
	objectVersion = 77;
	objects = {

/* Begin PBXContainerItemProxy section */
		230CF28F2ECBAD5800586B13 /* PBXContainerItemProxy */ = {
			isa = PBXContainerItemProxy;
			containerPortal = 230CF2752ECBAD5600586B13 /* Project object */;
			proxyType = 1;
			remoteGlobalIDString = 230CF27C2ECBAD5600586B13;
			remoteInfo = "PiDrums Connect";
		};
		230CF2992ECBAD5800586B13 /* PBXContainerItemProxy */ = {
			isa = PBXContainerItemProxy;
			containerPortal = 230CF2752ECBAD5600586B13 /* Project object */;
			proxyType = 1;
			remoteGlobalIDString = 230CF27C2ECBAD5600586B13;
			remoteInfo = "PiDrums Connect";
		};
/* End PBXContainerItemProxy section */

/* Begin PBXFileReference section */
		230CF27D2ECBAD5600586B13 /* PiDrums Connect.app */ = {isa = PBXFileReference; explicitFileType = wrapper.application; includeInIndex = 0; path = "PiDrums Connect.app"; sourceTree = BUILT_PRODUCTS_DIR; };
		230CF28E2ECBAD5800586B13 /* PiDrums ConnectTests.xctest */ = {isa = PBXFileReference; explicitFileType = wrapper.cfbundle; includeInIndex = 0; path = "PiDrums ConnectTests.xctest"; sourceTree = BUILT_PRODUCTS_DIR; };
		230CF2982ECBAD5800586B13 /* PiDrums ConnectUITests.xctest */ = {isa = PBXFileReference; explicitFileType = wrapper.cfbundle; includeInIndex = 0; path = "PiDrums ConnectUITests.xctest"; sourceTree = BUILT_PRODUCTS_DIR; };
/* End PBXFileReference section */

/* Begin PBXFileSystemSynchronizedBuildFileExceptionSet section */
		230CF2A02ECBAD5800586B13 /* Exceptions for "PiDrums Connect" folder in "PiDrums Connect" target */ = {
			isa = PBXFileSystemSynchronizedBuildFileExceptionSet;
			membershipExceptions = (
				Info.plist,
			);
			target = 230CF27C2ECBAD5600586B13 /* PiDrums Connect */;
		};
/* End PBXFileSystemSynchronizedBuildFileExceptionSet section */

/* Begin PBXFileSystemSynchronizedRootGroup section */
		230CF27F2ECBAD5600586B13 /* PiDrums Connect */ = {
			isa = PBXFileSystemSynchronizedRootGroup;
			exceptions = (
				230CF2A02ECBAD5800586B13 /* Exceptions for "PiDrums Connect" folder in "PiDrums Connect" target */,
			);
			path = "PiDrums Connect";
			sourceTree = "<group>";
		};
		230CF2912ECBAD5800586B13 /* PiDrums ConnectTests */ = {
			isa = PBXFileSystemSynchronizedRootGroup;
			path = "PiDrums ConnectTests";
			sourceTree = "<group>";
		};
		230CF29B2ECBAD5800586B13 /* PiDrums ConnectUITests */ = {
			isa = PBXFileSystemSynchronizedRootGroup;
			path = "PiDrums ConnectUITests";
			sourceTree = "<group>";
		};
/* End PBXFileSystemSynchronizedRootGroup section */

/* Begin PBXFrameworksBuildPhase section */
		230CF27A2ECBAD5600586B13 /* Frameworks */ = {
			isa = PBXFrameworksBuildPhase;
			buildActionMask = 2147483647;
			files = (
			);
			runOnlyForDeploymentPostprocessing = 0;
		};
		230CF28B2ECBAD5800586B13 /* Frameworks */ = {
			isa = PBXFrameworksBuildPhase;
			buildActionMask = 2147483647;
			files = (
			);
			runOnlyForDeploymentPostprocessing = 0;
		};
		230CF2952ECBAD5800586B13 /* Frameworks */ = {
			isa = PBXFrameworksBuildPhase;
			buildActionMask = 2147483647;
			files = (
			);
			runOnlyForDeploymentPostprocessing = 0;
		};
/* End PBXFrameworksBuildPhase section */

/* Begin PBXGroup section */
		230CF2742ECBAD5600586B13 = {
			isa = PBXGroup;
			children = (
				230CF27F2ECBAD5600586B13 /* PiDrums Connect */,
				230CF2912ECBAD5800586B13 /* PiDrums ConnectTests */,
				230CF29B2ECBAD5800586B13 /* PiDrums ConnectUITests */,
				230CF27E2ECBAD5600586B13 /* Products */,
			);
			sourceTree = "<group>";
		};
		230CF27E2ECBAD5600586B13 /* Products */ = {
			isa = PBXGroup;
			children = (
				230CF27D2ECBAD5600586B13 /* PiDrums Connect.app */,
				230CF28E2ECBAD5800586B13 /* PiDrums ConnectTests.xctest */,
				230CF2982ECBAD5800586B13 /* PiDrums ConnectUITests.xctest */,
			);
			name = Products;
			sourceTree = "<group>";
		};
/* End PBXGroup section */

/* Begin PBXNativeTarget section */
		230CF27C2ECBAD5600586B13 /* PiDrums Connect */ = {
			isa = PBXNativeTarget;
			buildConfigurationList = 230CF2A12ECBAD5800586B13 /* Build configuration list for PBXNativeTarget "PiDrums Connect" */;
			buildPhases = (
				230CF2792ECBAD5600586B13 /* Sources */,
				230CF27A2ECBAD5600586B13 /* Frameworks */,
				230CF27B2ECBAD5600586B13 /* Resources */,
			);
			buildRules = (
			);
			dependencies = (
			);
			fileSystemSynchronizedGroups = (
				230CF27F2ECBAD5600586B13 /* PiDrums Connect */,
			);
			name = "PiDrums Connect";
			packageProductDependencies = (
			);
			productName = "PiDrums Connect";
			productReference = 230CF27D2ECBAD5600586B13 /* PiDrums Connect.app */;
			productType = "com.apple.product-type.application";
		};
		230CF28D2ECBAD5800586B13 /* PiDrums ConnectTests */ = {
			isa = PBXNativeTarget;
			buildConfigurationList = 230CF2A62ECBAD5800586B13 /* Build configuration list for PBXNativeTarget "PiDrums ConnectTests" */;
			buildPhases = (
				230CF28A2ECBAD5800586B13 /* Sources */,
				230CF28B2ECBAD5800586B13 /* Frameworks */,
				230CF28C2ECBAD5800586B13 /* Resources */,
			);
			buildRules = (
			);
			dependencies = (
				230CF2902ECBAD5800586B13 /* PBXTargetDependency */,
			);
			fileSystemSynchronizedGroups = (
				230CF2912ECBAD5800586B13 /* PiDrums ConnectTests */,
			);
			name = "PiDrums ConnectTests";
			packageProductDependencies = (
			);
			productName = "PiDrums ConnectTests";
			productReference = 230CF28E2ECBAD5800586B13 /* PiDrums ConnectTests.xctest */;
			productType = "com.apple.product-type.bundle.unit-test";
		};
		230CF2972ECBAD5800586B13 /* PiDrums ConnectUITests */ = {
			isa = PBXNativeTarget;
			buildConfigurationList = 230CF2A92ECBAD5800586B13 /* Build configuration list for PBXNativeTarget "PiDrums ConnectUITests" */;
			buildPhases = (
				230CF2942ECBAD5800586B13 /* Sources */,
				230CF2952ECBAD5800586B13 /* Frameworks */,
				230CF2962ECBAD5800586B13 /* Resources */,
			);
			buildRules = (
			);
			dependencies = (
				230CF29A2ECBAD5800586B13 /* PBXTargetDependency */,
			);
			fileSystemSynchronizedGroups = (
				230CF29B2ECBAD5800586B13 /* PiDrums ConnectUITests */,
			);
			name = "PiDrums ConnectUITests";
			packageProductDependencies = (
			);
			productName = "PiDrums ConnectUITests";
			productReference = 230CF2982ECBAD5800586B13 /* PiDrums ConnectUITests.xctest */;
			productType = "com.apple.product-type.bundle.ui-testing";
		};
/* End PBXNativeTarget section */

/* Begin PBXProject section */
		230CF2752ECBAD5600586B13 /* Project object */ = {
			isa = PBXProject;
			attributes = {
				BuildIndependentTargetsInParallel = 1;
				LastSwiftUpdateCheck = 2610;
				LastUpgradeCheck = 2610;
				TargetAttributes = {
					230CF27C2ECBAD5600586B13 = {
						CreatedOnToolsVersion = 26.1.1;
					};
					230CF28D2ECBAD5800586B13 = {
						CreatedOnToolsVersion = 26.1.1;
						TestTargetID = 230CF27C2ECBAD5600586B13;
					};
					230CF2972ECBAD5800586B13 = {
						CreatedOnToolsVersion = 26.1.1;
						TestTargetID = 230CF27C2ECBAD5600586B13;
					};
				};
			};
			buildConfigurationList = 230CF2782ECBAD5600586B13 /* Build configuration list for PBXProject "PiDrums Connect" */;
			developmentRegion = en;
			hasScannedForEncodings = 0;
			knownRegions = (
				en,
				Base,
			);
			mainGroup = 230CF2742ECBAD5600586B13;
			minimizedProjectReferenceProxies = 1;
			preferredProjectObjectVersion = 77;
			productRefGroup = 230CF27E2ECBAD5600586B13 /* Products */;
			projectDirPath = "";
			projectRoot = "";
			targets = (
				230CF27C2ECBAD5600586B13 /* PiDrums Connect */,
				230CF28D2ECBAD5800586B13 /* PiDrums ConnectTests */,
				230CF2972ECBAD5800586B13 /* PiDrums ConnectUITests */,
			);
		};
/* End PBXProject section */

/* Begin PBXResourcesBuildPhase section */
		230CF27B2ECBAD5600586B13 /* Resources */ = {
			isa = PBXResourcesBuildPhase;
			buildActionMask = 2147483647;
			files = (
			);
			runOnlyForDeploymentPostprocessing = 0;
		};
		230CF28C2ECBAD5800586B13 /* Resources */ = {
			isa = PBXResourcesBuildPhase;
			buildActionMask = 2147483647;
			files = (
			);
			runOnlyForDeploymentPostprocessing = 0;
		};
		230CF2962ECBAD5800586B13 /* Resources */ = {
			isa = PBXResourcesBuildPhase;
			buildActionMask = 2147483647;
			files = (
			);
			runOnlyForDeploymentPostprocessing = 0;
		};
/* End PBXResourcesBuildPhase section */

/* Begin PBXSourcesBuildPhase section */
		230CF2792ECBAD5600586B13 /* Sources */ = {
			isa = PBXSourcesBuildPhase;
			buildActionMask = 2147483647;
			files = (
			);
			runOnlyForDeploymentPostprocessing = 0;
		};
		230CF28A2ECBAD5800586B13 /* Sources */ = {
			isa = PBXSourcesBuildPhase;
			buildActionMask = 2147483647;
			files = (
			);
			runOnlyForDeploymentPostprocessing = 0;
		};
		230CF2942ECBAD5800586B13 /* Sources */ = {
			isa = PBXSourcesBuildPhase;
			buildActionMask = 2147483647;
			files = (
			);
			runOnlyForDeploymentPostprocessing = 0;
		};
/* End PBXSourcesBuildPhase section */

/* Begin PBXTargetDependency section */
		230CF2902ECBAD5800586B13 /* PBXTargetDependency */ = {
			isa = PBXTargetDependency;
			target = 230CF27C2ECBAD5600586B13 /* PiDrums Connect */;
			targetProxy = 230CF28F2ECBAD5800586B13 /* PBXContainerItemProxy */;
		};
		230CF29A2ECBAD5800586B13 /* PBXTargetDependency */ = {
			isa = PBXTargetDependency;
			target = 230CF27C2ECBAD5600586B13 /* PiDrums Connect */;
			targetProxy = 230CF2992ECBAD5800586B13 /* PBXContainerItemProxy */;
		};
/* End PBXTargetDependency section */

/* Begin XCBuildConfiguration section */
		230CF2A22ECBAD5800586B13 /* Debug */ = {
			isa = XCBuildConfiguration;
			buildSettings = {
				ASSETCATALOG_COMPILER_APPICON_NAME = AppIcon;
				ASSETCATALOG_COMPILER_GLOBAL_ACCENT_COLOR_NAME = AccentColor;
				CODE_SIGN_ENTITLEMENTS = "PiDrums Connect/PiDrums_Connect.entitlements";
				CODE_SIGN_STYLE = Automatic;
				CURRENT_PROJECT_VERSION = 1;
				ENABLE_PREVIEWS = YES;
				GENERATE_INFOPLIST_FILE = YES;
				INFOPLIST_FILE = "PiDrums Connect/Info.plist";
				INFOPLIST_KEY_UIApplicationSceneManifest_Generation = YES;
				INFOPLIST_KEY_UIApplicationSupportsIndirectInputEvents = YES;
				INFOPLIST_KEY_UILaunchScreen_Generation = YES;
				INFOPLIST_KEY_UISupportedInterfaceOrientations_iPad = "UIInterfaceOrientationPortrait UIInterfaceOrientationPortraitUpsideDown UIInterfaceOrientationLandscapeLeft UIInterfaceOrientationLandscapeRight";
				INFOPLIST_KEY_UISupportedInterfaceOrientations_iPhone = "UIInterfaceOrientationPortrait UIInterfaceOrientationLandscapeLeft UIInterfaceOrientationLandscapeRight";
				LD_RUNPATH_SEARCH_PATHS = (
					"$(inherited)",
					"@executable_path/Frameworks",
				);
				MARKETING_VERSION = 1.0;
				PRODUCT_BUNDLE_IDENTIFIER = "here.PiDrums-Connect";
				PRODUCT_NAME = "$(TARGET_NAME)";
				STRING_CATALOG_GENERATE_SYMBOLS = YES;
				SWIFT_APPROACHABLE_CONCURRENCY = YES;
				SWIFT_DEFAULT_ACTOR_ISOLATION = MainActor;
				SWIFT_EMIT_LOC_STRINGS = YES;
				SWIFT_UPCOMING_FEATURE_MEMBER_IMPORT_VISIBILITY = YES;
				SWIFT_VERSION = 5.0;
				TARGETED_DEVICE_FAMILY = "1,2";
			};
			name = Debug;
		};
		230CF2A32ECBAD5800586B13 /* Release */ = {
			isa = XCBuildConfiguration;
			buildSettings = {
				ASSETCATALOG_COMPILER_APPICON_NAME = AppIcon;
				ASSETCATALOG_COMPILER_GLOBAL_ACCENT_COLOR_NAME = AccentColor;
				CODE_SIGN_ENTITLEMENTS = "PiDrums Connect/PiDrums_Connect.entitlements";
				CODE_SIGN_STYLE = Automatic;
				CURRENT_PROJECT_VERSION = 1;
				ENABLE_PREVIEWS = YES;
				GENERATE_INFOPLIST_FILE = YES;
				INFOPLIST_FILE = "PiDrums Connect/Info.plist";
				INFOPLIST_KEY_UIApplicationSceneManifest_Generation = YES;
				INFOPLIST_KEY_UIApplicationSupportsIndirectInputEvents = YES;
				INFOPLIST_KEY_UILaunchScreen_Generation = YES;
				INFOPLIST_KEY_UISupportedInterfaceOrientations_iPad = "UIInterfaceOrientationPortrait UIInterfaceOrientationPortraitUpsideDown UIInterfaceOrientationLandscapeLeft UIInterfaceOrientationLandscapeRight";
				INFOPLIST_KEY_UISupportedInterfaceOrientations_iPhone = "UIInterfaceOrientationPortrait UIInterfaceOrientationLandscapeLeft UIInterfaceOrientationLandscapeRight";
				LD_RUNPATH_SEARCH_PATHS = (
					"$(inherited)",
					"@executable_path/Frameworks",
				);
				MARKETING_VERSION = 1.0;
				PRODUCT_BUNDLE_IDENTIFIER = "here.PiDrums-Connect";
				PRODUCT_NAME = "$(TARGET_NAME)";
				STRING_CATALOG_GENERATE_SYMBOLS = YES;
				SWIFT_APPROACHABLE_CONCURRENCY = YES;
				SWIFT_DEFAULT_ACTOR_ISOLATION = MainActor;
				SWIFT_EMIT_LOC_STRINGS = YES;
				SWIFT_UPCOMING_FEATURE_MEMBER_IMPORT_VISIBILITY = YES;
				SWIFT_VERSION = 5.0;
				TARGETED_DEVICE_FAMILY = "1,2";
			};
			name = Release;
		};
		230CF2A42ECBAD5800586B13 /* Debug */ = {
			isa = XCBuildConfiguration;
			buildSettings = {
				ALWAYS_SEARCH_USER_PATHS = NO;
				ASSETCATALOG_COMPILER_GENERATE_SWIFT_ASSET_SYMBOL_EXTENSIONS = YES;
				CLANG_ANALYZER_NONNULL = YES;
				CLANG_ANALYZER_NUMBER_OBJECT_CONVERSION = YES_AGGRESSIVE;
				CLANG_CXX_LANGUAGE_STANDARD = "gnu++20";
				CLANG_ENABLE_MODULES = YES;
				CLANG_ENABLE_OBJC_ARC = YES;
				CLANG_ENABLE_OBJC_WEAK = YES;
				CLANG_WARN_BLOCK_CAPTURE_AUTORELEASING = YES;
				CLANG_WARN_BOOL_CONVERSION = YES;
				CLANG_WARN_COMMA = YES;
				CLANG_WARN_CONSTANT_CONVERSION = YES;
				CLANG_WARN_DEPRECATED_OBJC_IMPLEMENTATIONS = YES;
				CLANG_WARN_DIRECT_OBJC_ISA_USAGE = YES_ERROR;
				CLANG_WARN_DOCUMENTATION_COMMENTS = YES;
				CLANG_WARN_EMPTY_BODY = YES;
				CLANG_WARN_ENUM_CONVERSION = YES;
				CLANG_WARN_INFINITE_RECURSION = YES;
				CLANG_WARN_INT_CONVERSION = YES;
				CLANG_WARN_NON_LITERAL_NULL_CONVERSION = YES;
				CLANG_WARN_OBJC_IMPLICIT_RETAIN_SELF = YES;
				CLANG_WARN_OBJC_LITERAL_CONVERSION = YES;
				CLANG_WARN_OBJC_ROOT_CLASS = YES_ERROR;
				CLANG_WARN_QUOTED_INCLUDE_IN_FRAMEWORK_HEADER = YES;
				CLANG_WARN_RANGE_LOOP_ANALYSIS = YES;
				CLANG_WARN_STRICT_PROTOTYPES = YES;
				CLANG_WARN_SUSPICIOUS_MOVE = YES;
				CLANG_WARN_UNGUARDED_AVAILABILITY = YES_AGGRESSIVE;
				CLANG_WARN_UNREACHABLE_CODE = YES;
				CLANG_WARN__DUPLICATE_METHOD_MATCH = YES;
				COPY_PHASE_STRIP = NO;
				DEBUG_INFORMATION_FORMAT = dwarf;
				ENABLE_STRICT_OBJC_MSGSEND = YES;
				ENABLE_TESTABILITY = YES;
				ENABLE_USER_SCRIPT_SANDBOXING = YES;
				GCC_C_LANGUAGE_STANDARD = gnu17;
				GCC_DYNAMIC_NO_PIC = NO;
				GCC_NO_COMMON_BLOCKS = YES;
				GCC_OPTIMIZATION_LEVEL = 0;
				GCC_PREPROCESSOR_DEFINITIONS = (
					"DEBUG=1",
					"$(inherited)",
				);
				GCC_WARN_64_TO_32_BIT_CONVERSION = YES;
				GCC_WARN_ABOUT_RETURN_TYPE = YES_ERROR;
				GCC_WARN_UNDECLARED_SELECTOR = YES;
				GCC_WARN_UNINITIALIZED_AUTOS = YES_AGGRESSIVE;
				GCC_WARN_UNUSED_FUNCTION = YES;
				GCC_WARN_UNUSED_VARIABLE = YES;
				IPHONEOS_DEPLOYMENT_TARGET = 26.1;
				LOCALIZATION_PREFERS_STRING_CATALOGS = YES;
				MTL_ENABLE_DEBUG_INFO = INCLUDE_SOURCE;
				MTL_FAST_MATH = YES;
				ONLY_ACTIVE_ARCH = YES;
				SDKROOT = iphoneos;
				SWIFT_ACTIVE_COMPILATION_CONDITIONS = "DEBUG $(inherited)";
				SWIFT_OPTIMIZATION_LEVEL = "-Onone";
			};
			name = Debug;
		};
		230CF2A52ECBAD5800586B13 /* Release */ = {
			isa = XCBuildConfiguration;
			buildSettings = {
				ALWAYS_SEARCH_USER_PATHS = NO;
				ASSETCATALOG_COMPILER_GENERATE_SWIFT_ASSET_SYMBOL_EXTENSIONS = YES;
				CLANG_ANALYZER_NONNULL = YES;
				CLANG_ANALYZER_NUMBER_OBJECT_CONVERSION = YES_AGGRESSIVE;
				CLANG_CXX_LANGUAGE_STANDARD = "gnu++20";
				CLANG_ENABLE_MODULES = YES;
				CLANG_ENABLE_OBJC_ARC = YES;
				CLANG_ENABLE_OBJC_WEAK = YES;
				CLANG_WARN_BLOCK_CAPTURE_AUTORELEASING = YES;
				CLANG_WARN_BOOL_CONVERSION = YES;
				CLANG_WARN_COMMA = YES;
				CLANG_WARN_CONSTANT_CONVERSION = YES;
				CLANG_WARN_DEPRECATED_OBJC_IMPLEMENTATIONS = YES;
				CLANG_WARN_DIRECT_OBJC_ISA_USAGE = YES_ERROR;
				CLANG_WARN_DOCUMENTATION_COMMENTS = YES;
				CLANG_WARN_EMPTY_BODY = YES;
				CLANG_WARN_ENUM_CONVERSION = YES;
				CLANG_WARN_INFINITE_RECURSION = YES;
				CLANG_WARN_INT_CONVERSION = YES;
				CLANG_WARN_NON_LITERAL_NULL_CONVERSION = YES;
				CLANG_WARN_OBJC_IMPLICIT_RETAIN_SELF = YES;
				CLANG_WARN_OBJC_LITERAL_CONVERSION = YES;
				CLANG_WARN_OBJC_ROOT_CLASS = YES_ERROR;
				CLANG_WARN_QUOTED_INCLUDE_IN_FRAMEWORK_HEADER = YES;
				CLANG_WARN_RANGE_LOOP_ANALYSIS = YES;
				CLANG_WARN_STRICT_PROTOTYPES = YES;
				CLANG_WARN_SUSPICIOUS_MOVE = YES;
				CLANG_WARN_UNGUARDED_AVAILABILITY = YES_AGGRESSIVE;
				CLANG_WARN_UNREACHABLE_CODE = YES;
				CLANG_WARN__DUPLICATE_METHOD_MATCH = YES;
				COPY_PHASE_STRIP = NO;
				DEBUG_INFORMATION_FORMAT = "dwarf-with-dsym";
				ENABLE_NS_ASSERTIONS = NO;
				ENABLE_STRICT_OBJC_MSGSEND = YES;
				ENABLE_USER_SCRIPT_SANDBOXING = YES;
				GCC_C_LANGUAGE_STANDARD = gnu17;
				GCC_NO_COMMON_BLOCKS = YES;
				GCC_WARN_64_TO_32_BIT_CONVERSION = YES;
				GCC_WARN_ABOUT_RETURN_TYPE = YES_ERROR;
				GCC_WARN_UNDECLARED_SELECTOR = YES;
				GCC_WARN_UNINITIALIZED_AUTOS = YES_AGGRESSIVE;
				GCC_WARN_UNUSED_FUNCTION = YES;
				GCC_WARN_UNUSED_VARIABLE = YES;
				IPHONEOS_DEPLOYMENT_TARGET = 26.1;
				LOCALIZATION_PREFERS_STRING_CATALOGS = YES;
				MTL_ENABLE_DEBUG_INFO = NO;
				MTL_FAST_MATH = YES;
				SDKROOT = iphoneos;
				SWIFT_COMPILATION_MODE = wholemodule;
				VALIDATE_PRODUCT = YES;
			};
			name = Release;
		};
		230CF2A72ECBAD5800586B13 /* Debug */ = {
			isa = XCBuildConfiguration;
			buildSettings = {
				BUNDLE_LOADER = "$(TEST_HOST)";
				CODE_SIGN_STYLE = Automatic;
				CURRENT_PROJECT_VERSION = 1;
				GENERATE_INFOPLIST_FILE = YES;
				IPHONEOS_DEPLOYMENT_TARGET = 26.1;
				MARKETING_VERSION = 1.0;
				PRODUCT_BUNDLE_IDENTIFIER = "here.PiDrums-ConnectTests";
				PRODUCT_NAME = "$(TARGET_NAME)";
				STRING_CATALOG_GENERATE_SYMBOLS = NO;
				SWIFT_APPROACHABLE_CONCURRENCY = YES;
				SWIFT_EMIT_LOC_STRINGS = NO;
				SWIFT_UPCOMING_FEATURE_MEMBER_IMPORT_VISIBILITY = YES;
				SWIFT_VERSION = 5.0;
				TARGETED_DEVICE_FAMILY = "1,2";
				TEST_HOST = "$(BUILT_PRODUCTS_DIR)/PiDrums Connect.app/$(BUNDLE_EXECUTABLE_FOLDER_PATH)/PiDrums Connect";
			};
			name = Debug;
		};
		230CF2A82ECBAD5800586B13 /* Release */ = {
			isa = XCBuildConfiguration;
			buildSettings = {
				BUNDLE_LOADER = "$(TEST_HOST)";
				CODE_SIGN_STYLE = Automatic;
				CURRENT_PROJECT_VERSION = 1;
				GENERATE_INFOPLIST_FILE = YES;
				IPHONEOS_DEPLOYMENT_TARGET = 26.1;
				MARKETING_VERSION = 1.0;
				PRODUCT_BUNDLE_IDENTIFIER = "here.PiDrums-ConnectTests";
				PRODUCT_NAME = "$(TARGET_NAME)";
				STRING_CATALOG_GENERATE_SYMBOLS = NO;
				SWIFT_APPROACHABLE_CONCURRENCY = YES;
				SWIFT_EMIT_LOC_STRINGS = NO;
				SWIFT_UPCOMING_FEATURE_MEMBER_IMPORT_VISIBILITY = YES;
				SWIFT_VERSION = 5.0;
				TARGETED_DEVICE_FAMILY = "1,2";
				TEST_HOST = "$(BUILT_PRODUCTS_DIR)/PiDrums Connect.app/$(BUNDLE_EXECUTABLE_FOLDER_PATH)/PiDrums Connect";
			};
			name = Release;
		};
		230CF2AA2ECBAD5800586B13 /* Debug */ = {
			isa = XCBuildConfiguration;
			buildSettings = {
				CODE_SIGN_STYLE = Automatic;
				CURRENT_PROJECT_VERSION = 1;
				GENERATE_INFOPLIST_FILE = YES;
				MARKETING_VERSION = 1.0;
				PRODUCT_BUNDLE_IDENTIFIER = "here.PiDrums-ConnectUITests";
				PRODUCT_NAME = "$(TARGET_NAME)";
				STRING_CATALOG_GENERATE_SYMBOLS = NO;
				SWIFT_APPROACHABLE_CONCURRENCY = YES;
				SWIFT_EMIT_LOC_STRINGS = NO;
				SWIFT_UPCOMING_FEATURE_MEMBER_IMPORT_VISIBILITY = YES;
				SWIFT_VERSION = 5.0;
				TARGETED_DEVICE_FAMILY = "1,2";
				TEST_TARGET_NAME = "PiDrums Connect";
			};
			name = Debug;
		};
		230CF2AB2ECBAD5800586B13 /* Release */ = {
			isa = XCBuildConfiguration;
			buildSettings = {
				CODE_SIGN_STYLE = Automatic;
				CURRENT_PROJECT_VERSION = 1;
				GENERATE_INFOPLIST_FILE = YES;
				MARKETING_VERSION = 1.0;
				PRODUCT_BUNDLE_IDENTIFIER = "here.PiDrums-ConnectUITests";
				PRODUCT_NAME = "$(TARGET_NAME)";
				STRING_CATALOG_GENERATE_SYMBOLS = NO;
				SWIFT_APPROACHABLE_CONCURRENCY = YES;
				SWIFT_EMIT_LOC_STRINGS = NO;
				SWIFT_UPCOMING_FEATURE_MEMBER_IMPORT_VISIBILITY = YES;
				SWIFT_VERSION = 5.0;
				TARGETED_DEVICE_FAMILY = "1,2";
				TEST_TARGET_NAME = "PiDrums Connect";
			};
			name = Release;
		};
/* End XCBuildConfiguration section */

/* Begin XCConfigurationList section */
		230CF2782ECBAD5600586B13 /* Build configuration list for PBXProject "PiDrums Connect" */ = {
			isa = XCConfigurationList;
			buildConfigurations = (
				230CF2A42ECBAD5800586B13 /* Debug */,
				230CF2A52ECBAD5800586B13 /* Release */,
			);
			defaultConfigurationIsVisible = 0;
			defaultConfigurationName = Release;
		};
		230CF2A12ECBAD5800586B13 /* Build configuration list for PBXNativeTarget "PiDrums Connect" */ = {
			isa = XCConfigurationList;
			buildConfigurations = (
				230CF2A22ECBAD5800586B13 /* Debug */,
				230CF2A32ECBAD5800586B13 /* Release */,
			);
			defaultConfigurationIsVisible = 0;
			defaultConfigurationName = Release;
		};
		230CF2A62ECBAD5800586B13 /* Build configuration list for PBXNativeTarget "PiDrums ConnectTests" */ = {
			isa = XCConfigurationList;
			buildConfigurations = (
				230CF2A72ECBAD5800586B13 /* Debug */,
				230CF2A82ECBAD5800586B13 /* Release */,
			);
			defaultConfigurationIsVisible = 0;
			defaultConfigurationName = Release;
		};
		230CF2A92ECBAD5800586B13 /* Build configuration list for PBXNativeTarget "PiDrums ConnectUITests" */ = {
			isa = XCConfigurationList;
			buildConfigurations = (
				230CF2AA2ECBAD5800586B13 /* Debug */,
				230CF2AB2ECBAD5800586B13 /* Release */,
			);
			defaultConfigurationIsVisible = 0;
			defaultConfigurationName = Release;
		};
/* End XCConfigurationList section */
	};
	rootObject = 230CF2752ECBAD5600586B13 /* Project object */;
}
